
Microsoft Visual Studio Solution File, Format Version 12.00
# Visual Studio Version 16
VisualStudioVersion = 16.0.31019.35
MinimumVisualStudioVersion = 10.0.40219.1
Project("{888888A0-9F3D-457C-B088-3A5042F75D52}") = "MIP_Lab_13", "MIP_Lab_13\MIP_Lab_13.pyproj", "{3CD7CCFB-3BE7-4513-A47A-3F6B00BDDE80}"
EndProject
Global
	GlobalSection(SolutionConfigurationPlatforms) = preSolution
		Debug|Any CPU = Debug|Any CPU
		Release|Any CPU = Release|Any CPU
	EndGlobalSection
	GlobalSection(ProjectConfigurationPlatforms) = postSolution
		{3CD7CCFB-3BE7-4513-A47A-3F6B00BDDE80}.Debug|Any CPU.ActiveCfg = Debug|Any CPU
		{3CD7CCFB-3BE7-4513-A47A-3F6B00BDDE80}.Release|Any CPU.ActiveCfg = Release|Any CPU
	EndGlobalSection
	GlobalSection(SolutionProperties) = preSolution
		HideSolutionNode = FALSE
	EndGlobalSection
	GlobalSection(ExtensibilityGlobals) = postSolution
		SolutionGuid = {79FED9EF-0239-4BE3-AB2D-A6A82DFDFF5D}
	EndGlobalSection
EndGlobal
