
Microsoft Visual Studio Solution File, Format Version 12.00
# Visual Studio Version 16
VisualStudioVersion = 16.0.31019.35
MinimumVisualStudioVersion = 10.0.40219.1
Project("{888888A0-9F3D-457C-B088-3A5042F75D52}") = "MIP_Lab_7", "MIP_Lab_7\MIP_Lab_7.pyproj", "{E405A642-61DA-4347-9B9D-68E27519471A}"
EndProject
Global
	GlobalSection(SolutionConfigurationPlatforms) = preSolution
		Debug|Any CPU = Debug|Any CPU
		Release|Any CPU = Release|Any CPU
	EndGlobalSection
	GlobalSection(ProjectConfigurationPlatforms) = postSolution
		{E405A642-61DA-4347-9B9D-68E27519471A}.Debug|Any CPU.ActiveCfg = Debug|Any CPU
		{E405A642-61DA-4347-9B9D-68E27519471A}.Release|Any CPU.ActiveCfg = Release|Any CPU
	EndGlobalSection
	GlobalSection(SolutionProperties) = preSolution
		HideSolutionNode = FALSE
	EndGlobalSection
	GlobalSection(ExtensibilityGlobals) = postSolution
		SolutionGuid = {DCC0B78C-5703-4B29-A635-492537FABA9E}
	EndGlobalSection
EndGlobal
